
Microsoft Visual Studio Solution File, Format Version 12.00
# Visual Studio 15
VisualStudioVersion = 15.0.28307.421
MinimumVisualStudioVersion = 10.0.40219.1
Project("{8BC9CEB8-8B4A-11D0-8D11-00A0C91BC942}") = "OpenGLExperimental", "OpenGLExperimental\OpenGLExperimental.vcxproj", "{E878F81E-C2CF-4F9D-BE92-45F1F26F401C}"
EndProject
Global
	GlobalSection(SolutionConfigurationPlatforms) = preSolution
		Debug|x64 = Debug|x64
		Debug|x86 = Debug|x86
		Release|x64 = Release|x64
		Release|x86 = Release|x86
	EndGlobalSection
	GlobalSection(ProjectConfigurationPlatforms) = postSolution
		{E878F81E-C2CF-4F9D-BE92-45F1F26F401C}.Debug|x64.ActiveCfg = Debug|x64
		{E878F81E-C2CF-4F9D-BE92-45F1F26F401C}.Debug|x64.Build.0 = Debug|x64
		{E878F81E-C2CF-4F9D-BE92-45F1F26F401C}.Debug|x86.ActiveCfg = Debug|Win32
		{E878F81E-C2CF-4F9D-BE92-45F1F26F401C}.Debug|x86.Build.0 = Debug|Win32
		{E878F81E-C2CF-4F9D-BE92-45F1F26F401C}.Release|x64.ActiveCfg = Release|x64
		{E878F81E-C2CF-4F9D-BE92-45F1F26F401C}.Release|x64.Build.0 = Release|x64
		{E878F81E-C2CF-4F9D-BE92-45F1F26F401C}.Release|x86.ActiveCfg = Release|Win32
		{E878F81E-C2CF-4F9D-BE92-45F1F26F401C}.Release|x86.Build.0 = Release|Win32
	EndGlobalSection
	GlobalSection(SolutionProperties) = preSolution
		HideSolutionNode = FALSE
	EndGlobalSection
	GlobalSection(ExtensibilityGlobals) = postSolution
		SolutionGuid = {81BDB06E-5DCF-4FE4-B4AD-51CC70A00AF6}
	EndGlobalSection
EndGlobal
